
Microsoft Visual Studio Solution File, Format Version 12.00
# Visual Studio 15
VisualStudioVersion = 15.0.28307.168
MinimumVisualStudioVersion = 10.0.40219.1
Project("{FAE04EC0-301F-11D3-BF4B-00C04F79EFBC}") = "WebApplication3", "WebApplication3\WebApplication3.csproj", "{A46C8812-9C1C-42CC-BE92-A39867016C7F}"
EndProject
Project("{FAE04EC0-301F-11D3-BF4B-00C04F79EFBC}") = "WebApplication3Tests", "WebApplication3Tests\WebApplication3Tests.csproj", "{5B55D49A-2DF4-4D74-8399-BFAE000E9D63}"
EndProject
Global
	GlobalSection(SolutionConfigurationPlatforms) = preSolution
		Debug|Any CPU = Debug|Any CPU
		Release|Any CPU = Release|Any CPU
	EndGlobalSection
	GlobalSection(ProjectConfigurationPlatforms) = postSolution
		{A46C8812-9C1C-42CC-BE92-A39867016C7F}.Debug|Any CPU.ActiveCfg = Debug|Any CPU
		{A46C8812-9C1C-42CC-BE92-A39867016C7F}.Debug|Any CPU.Build.0 = Debug|Any CPU
		{A46C8812-9C1C-42CC-BE92-A39867016C7F}.Release|Any CPU.ActiveCfg = Release|Any CPU
		{A46C8812-9C1C-42CC-BE92-A39867016C7F}.Release|Any CPU.Build.0 = Release|Any CPU
		{5B55D49A-2DF4-4D74-8399-BFAE000E9D63}.Debug|Any CPU.ActiveCfg = Debug|Any CPU
		{5B55D49A-2DF4-4D74-8399-BFAE000E9D63}.Debug|Any CPU.Build.0 = Debug|Any CPU
		{5B55D49A-2DF4-4D74-8399-BFAE000E9D63}.Release|Any CPU.ActiveCfg = Release|Any CPU
		{5B55D49A-2DF4-4D74-8399-BFAE000E9D63}.Release|Any CPU.Build.0 = Release|Any CPU
	EndGlobalSection
	GlobalSection(SolutionProperties) = preSolution
		HideSolutionNode = FALSE
	EndGlobalSection
	GlobalSection(ExtensibilityGlobals) = postSolution
		SolutionGuid = {B6D9B081-5493-4CA5-A493-DF3E1D5CE149}
	EndGlobalSection
EndGlobal
